
Microsoft Visual Studio Solution File, Format Version 12.00
# Visual Studio Version 16
VisualStudioVersion = 16.0.31205.134
MinimumVisualStudioVersion = 10.0.40219.1
Project("{FAE04EC0-301F-11D3-BF4B-00C04F79EFBC}") = "RollControlZero", "RollControlZero\RollControlZero.csproj", "{B36DB27A-AAF9-46DC-8C0B-4BA24AE77F7D}"
EndProject
Global
	GlobalSection(SolutionConfigurationPlatforms) = preSolution
		Debug|Any CPU = Debug|Any CPU
		Release|Any CPU = Release|Any CPU
	EndGlobalSection
	GlobalSection(ProjectConfigurationPlatforms) = postSolution
		{B36DB27A-AAF9-46DC-8C0B-4BA24AE77F7D}.Debug|Any CPU.ActiveCfg = Debug|Any CPU
		{B36DB27A-AAF9-46DC-8C0B-4BA24AE77F7D}.Debug|Any CPU.Build.0 = Debug|Any CPU
		{B36DB27A-AAF9-46DC-8C0B-4BA24AE77F7D}.Release|Any CPU.ActiveCfg = Release|Any CPU
		{B36DB27A-AAF9-46DC-8C0B-4BA24AE77F7D}.Release|Any CPU.Build.0 = Release|Any CPU
	EndGlobalSection
	GlobalSection(SolutionProperties) = preSolution
		HideSolutionNode = FALSE
	EndGlobalSection
	GlobalSection(ExtensibilityGlobals) = postSolution
		SolutionGuid = {0378CAF0-9813-43CE-9C54-5B6E49C84B2D}
	EndGlobalSection
EndGlobal
