
Microsoft Visual Studio Solution File, Format Version 12.00
# Visual Studio Version 16
VisualStudioVersion = 16.0.34031.81
MinimumVisualStudioVersion = 10.0.40219.1
Project("{FAE04EC0-301F-11D3-BF4B-00C04F79EFBC}") = "PassiveReaperLeviathans", "PassiveReaperLeviathans\PassiveReaperLeviathans.csproj", "{42505168-DBE1-4D39-8C98-FD5F4D236559}"
EndProject
Global
	GlobalSection(SolutionConfigurationPlatforms) = preSolution
		Debug|Any CPU = Debug|Any CPU
		Release|Any CPU = Release|Any CPU
	EndGlobalSection
	GlobalSection(ProjectConfigurationPlatforms) = postSolution
		{42505168-DBE1-4D39-8C98-FD5F4D236559}.Debug|Any CPU.ActiveCfg = Debug|Any CPU
		{42505168-DBE1-4D39-8C98-FD5F4D236559}.Debug|Any CPU.Build.0 = Debug|Any CPU
		{42505168-DBE1-4D39-8C98-FD5F4D236559}.Release|Any CPU.ActiveCfg = Release|Any CPU
		{42505168-DBE1-4D39-8C98-FD5F4D236559}.Release|Any CPU.Build.0 = Release|Any CPU
	EndGlobalSection
	GlobalSection(SolutionProperties) = preSolution
		HideSolutionNode = FALSE
	EndGlobalSection
	GlobalSection(ExtensibilityGlobals) = postSolution
		SolutionGuid = {7496E52B-13DE-46BE-8010-578CD224B023}
	EndGlobalSection
EndGlobal
