
Microsoft Visual Studio Solution File, Format Version 12.00
# Visual Studio Version 16
VisualStudioVersion = 16.0.31205.134
MinimumVisualStudioVersion = 10.0.40219.1
Project("{FAE04EC0-301F-11D3-BF4B-00C04F79EFBC}") = "GlowFix", "GlowFix\GlowFix.csproj", "{65E59A21-C8EC-4D4E-BA72-5C0D2D99F508}"
EndProject
Global
	GlobalSection(SolutionConfigurationPlatforms) = preSolution
		Debug|Any CPU = Debug|Any CPU
		Release|Any CPU = Release|Any CPU
	EndGlobalSection
	GlobalSection(ProjectConfigurationPlatforms) = postSolution
		{65E59A21-C8EC-4D4E-BA72-5C0D2D99F508}.Debug|Any CPU.ActiveCfg = Debug|Any CPU
		{65E59A21-C8EC-4D4E-BA72-5C0D2D99F508}.Debug|Any CPU.Build.0 = Debug|Any CPU
		{65E59A21-C8EC-4D4E-BA72-5C0D2D99F508}.Release|Any CPU.ActiveCfg = Release|Any CPU
		{65E59A21-C8EC-4D4E-BA72-5C0D2D99F508}.Release|Any CPU.Build.0 = Release|Any CPU
	EndGlobalSection
	GlobalSection(SolutionProperties) = preSolution
		HideSolutionNode = FALSE
	EndGlobalSection
	GlobalSection(ExtensibilityGlobals) = postSolution
		SolutionGuid = {259C29BA-AB64-4D37-B5CA-8ED3F991AD70}
	EndGlobalSection
EndGlobal
