
Microsoft Visual Studio Solution File, Format Version 12.00
# Visual Studio Version 17
VisualStudioVersion = 17.14.36408.4 d17.14
MinimumVisualStudioVersion = 10.0.40219.1
Project("{FAE04EC0-301F-11D3-BF4B-00C04F79EFBC}") = "UpdateProfiler", "UpdateProfiler.csproj", "{C104E88B-A87B-49A6-99F7-2DC02397D81E}"
EndProject
Global
	GlobalSection(SolutionConfigurationPlatforms) = preSolution
		Debug|Any CPU = Debug|Any CPU
		Release|Any CPU = Release|Any CPU
	EndGlobalSection
	GlobalSection(ProjectConfigurationPlatforms) = postSolution
		{C104E88B-A87B-49A6-99F7-2DC02397D81E}.Debug|Any CPU.ActiveCfg = Debug|Any CPU
		{C104E88B-A87B-49A6-99F7-2DC02397D81E}.Debug|Any CPU.Build.0 = Debug|Any CPU
		{C104E88B-A87B-49A6-99F7-2DC02397D81E}.Release|Any CPU.ActiveCfg = Release|Any CPU
		{C104E88B-A87B-49A6-99F7-2DC02397D81E}.Release|Any CPU.Build.0 = Release|Any CPU
	EndGlobalSection
	GlobalSection(SolutionProperties) = preSolution
		HideSolutionNode = FALSE
	EndGlobalSection
	GlobalSection(ExtensibilityGlobals) = postSolution
		SolutionGuid = {E5BB8492-C180-497E-B3D5-17D489852658}
	EndGlobalSection
EndGlobal
