
Microsoft Visual Studio Solution File, Format Version 12.00
# Visual Studio Version 16
VisualStudioVersion = 16.0.31205.134
MinimumVisualStudioVersion = 10.0.40219.1
Project("{FAE04EC0-301F-11D3-BF4B-00C04F79EFBC}") = "InsertGameObject", "InsertGameObject\InsertGameObject.csproj", "{4047A0E5-54C5-42E9-B4B7-95E019DFD17A}"
EndProject
Global
	GlobalSection(SolutionConfigurationPlatforms) = preSolution
		Debug|Any CPU = Debug|Any CPU
		Release|Any CPU = Release|Any CPU
	EndGlobalSection
	GlobalSection(ProjectConfigurationPlatforms) = postSolution
		{4047A0E5-54C5-42E9-B4B7-95E019DFD17A}.Debug|Any CPU.ActiveCfg = Subnautica|Any CPU
		{4047A0E5-54C5-42E9-B4B7-95E019DFD17A}.Debug|Any CPU.Build.0 = Subnautica|Any CPU
		{4047A0E5-54C5-42E9-B4B7-95E019DFD17A}.Release|Any CPU.ActiveCfg = Release|Any CPU
		{4047A0E5-54C5-42E9-B4B7-95E019DFD17A}.Release|Any CPU.Build.0 = Release|Any CPU
	EndGlobalSection
	GlobalSection(SolutionProperties) = preSolution
		HideSolutionNode = FALSE
	EndGlobalSection
	GlobalSection(ExtensibilityGlobals) = postSolution
		SolutionGuid = {D57799E2-0161-4DD1-8F33-EDFBBCB978E0}
	EndGlobalSection
EndGlobal
