
Microsoft Visual Studio Solution File, Format Version 12.00
# Visual Studio Version 16
VisualStudioVersion = 16.0.35130.168
MinimumVisualStudioVersion = 10.0.40219.1
Project("{FAE04EC0-301F-11D3-BF4B-00C04F79EFBC}") = "ThirdPerson", "ThirdPerson\ThirdPerson.csproj", "{D931F9BB-8ED0-4092-AC59-F19259CA89C2}"
EndProject
Global
	GlobalSection(SolutionConfigurationPlatforms) = preSolution
		Debug|Any CPU = Debug|Any CPU
		Release|Any CPU = Release|Any CPU
	EndGlobalSection
	GlobalSection(ProjectConfigurationPlatforms) = postSolution
		{D931F9BB-8ED0-4092-AC59-F19259CA89C2}.Debug|Any CPU.ActiveCfg = Debug|Any CPU
		{D931F9BB-8ED0-4092-AC59-F19259CA89C2}.Debug|Any CPU.Build.0 = Debug|Any CPU
		{D931F9BB-8ED0-4092-AC59-F19259CA89C2}.Release|Any CPU.ActiveCfg = Release|Any CPU
		{D931F9BB-8ED0-4092-AC59-F19259CA89C2}.Release|Any CPU.Build.0 = Release|Any CPU
	EndGlobalSection
	GlobalSection(SolutionProperties) = preSolution
		HideSolutionNode = FALSE
	EndGlobalSection
	GlobalSection(ExtensibilityGlobals) = postSolution
		SolutionGuid = {442E823C-FB0E-4776-8FCA-31366CC7C16E}
	EndGlobalSection
EndGlobal
