
Microsoft Visual Studio Solution File, Format Version 12.00
# Visual Studio Version 16
VisualStudioVersion = 16.0.31205.134
MinimumVisualStudioVersion = 10.0.40219.1
Project("{FAE04EC0-301F-11D3-BF4B-00C04F79EFBC}") = "SeamothEject", "SeamothEject\SeamothEject.csproj", "{FCED88B0-0671-43C9-869A-DB4DC385F95C}"
EndProject
Global
	GlobalSection(SolutionConfigurationPlatforms) = preSolution
		Debug|Any CPU = Debug|Any CPU
		Release|Any CPU = Release|Any CPU
	EndGlobalSection
	GlobalSection(ProjectConfigurationPlatforms) = postSolution
		{FCED88B0-0671-43C9-869A-DB4DC385F95C}.Debug|Any CPU.ActiveCfg = Debug|Any CPU
		{FCED88B0-0671-43C9-869A-DB4DC385F95C}.Debug|Any CPU.Build.0 = Debug|Any CPU
		{FCED88B0-0671-43C9-869A-DB4DC385F95C}.Release|Any CPU.ActiveCfg = Release|Any CPU
		{FCED88B0-0671-43C9-869A-DB4DC385F95C}.Release|Any CPU.Build.0 = Release|Any CPU
	EndGlobalSection
	GlobalSection(SolutionProperties) = preSolution
		HideSolutionNode = FALSE
	EndGlobalSection
	GlobalSection(ExtensibilityGlobals) = postSolution
		SolutionGuid = {AFE016EA-4C12-4AF2-B49C-148A58E70DCB}
	EndGlobalSection
EndGlobal
