
Microsoft Visual Studio Solution File, Format Version 12.00
# Visual Studio Version 16
VisualStudioVersion = 16.0.35130.168
MinimumVisualStudioVersion = 10.0.40219.1
Project("{FAE04EC0-301F-11D3-BF4B-00C04F79EFBC}") = "JukeboxLib", "JukeboxLib.csproj", "{CFB0A8EB-765C-44FE-AD96-35453591258F}"
EndProject
Global
	GlobalSection(SolutionConfigurationPlatforms) = preSolution
		Debug|Any CPU = Debug|Any CPU
		Release|Any CPU = Release|Any CPU
	EndGlobalSection
	GlobalSection(ProjectConfigurationPlatforms) = postSolution
		{CFB0A8EB-765C-44FE-AD96-35453591258F}.Debug|Any CPU.ActiveCfg = Debug|Any CPU
		{CFB0A8EB-765C-44FE-AD96-35453591258F}.Debug|Any CPU.Build.0 = Debug|Any CPU
		{CFB0A8EB-765C-44FE-AD96-35453591258F}.Release|Any CPU.ActiveCfg = Release|Any CPU
		{CFB0A8EB-765C-44FE-AD96-35453591258F}.Release|Any CPU.Build.0 = Release|Any CPU
	EndGlobalSection
	GlobalSection(SolutionProperties) = preSolution
		HideSolutionNode = FALSE
	EndGlobalSection
	GlobalSection(ExtensibilityGlobals) = postSolution
		SolutionGuid = {A6DDF6D9-C91F-4B44-95DC-CF601F28AB56}
	EndGlobalSection
EndGlobal
